// !$*UTF8*$!
{
	archiveVersion = 1;
	classes = {
	};
	objectVersion = 50;
	objects = {

/* Begin PBXBuildFile section */
		C25922C1253C82530016D293 /* AppDelegate.swift in Sources */ = {isa = PBXBuildFile; fileRef = C25922C0253C82530016D293 /* AppDelegate.swift */; };
		C25922C3253C82530016D293 /* SceneDelegate.swift in Sources */ = {isa = PBXBuildFile; fileRef = C25922C2253C82530016D293 /* SceneDelegate.swift */; };
		C25922C5253C82530016D293 /* ChatViewController.swift in Sources */ = {isa = PBXBuildFile; fileRef = C25922C4253C82530016D293 /* ChatViewController.swift */; };
		C25922C8253C82530016D293 /* Main.storyboard in Resources */ = {isa = PBXBuildFile; fileRef = C25922C6253C82530016D293 /* Main.storyboard */; };
		C25922CA253C82560016D293 /* Assets.xcassets in Resources */ = {isa = PBXBuildFile; fileRef = C25922C9253C82560016D293 /* Assets.xcassets */; };
		C25922CD253C82560016D293 /* LaunchScreen.storyboard in Resources */ = {isa = PBXBuildFile; fileRef = C25922CB253C82560016D293 /* LaunchScreen.storyboard */; };
		C25922D8253C82560016D293 /* ChatPlaygroundTests.swift in Sources */ = {isa = PBXBuildFile; fileRef = C25922D7253C82560016D293 /* ChatPlaygroundTests.swift */; };
		C25922E3253C82560016D293 /* ChatPlaygroundUITests.swift in Sources */ = {isa = PBXBuildFile; fileRef = C25922E2253C82560016D293 /* ChatPlaygroundUITests.swift */; };
		C25922F4253C83010016D293 /* SampleData.swift in Sources */ = {isa = PBXBuildFile; fileRef = C25922F3253C83010016D293 /* SampleData.swift */; };
		C25922F9253C84910016D293 /* ChatMessageCell.swift in Sources */ = {isa = PBXBuildFile; fileRef = C25922F8253C84910016D293 /* ChatMessageCell.swift */; };
		C25922FE253C84DB0016D293 /* AdditionalClasses.swift in Sources */ = {isa = PBXBuildFile; fileRef = C25922FD253C84DB0016D293 /* AdditionalClasses.swift */; };
/* End PBXBuildFile section */

/* Begin PBXContainerItemProxy section */
		C25922D4253C82560016D293 /* PBXContainerItemProxy */ = {
			isa = PBXContainerItemProxy;
			containerPortal = C25922B5253C82530016D293 /* Project object */;
			proxyType = 1;
			remoteGlobalIDString = C25922BC253C82530016D293;
			remoteInfo = ChatPlayground;
		};
		C25922DF253C82560016D293 /* PBXContainerItemProxy */ = {
			isa = PBXContainerItemProxy;
			containerPortal = C25922B5253C82530016D293 /* Project object */;
			proxyType = 1;
			remoteGlobalIDString = C25922BC253C82530016D293;
			remoteInfo = ChatPlayground;
		};
/* End PBXContainerItemProxy section */

/* Begin PBXFileReference section */
		C25922BD253C82530016D293 /* ChatPlayground.app */ = {isa = PBXFileReference; explicitFileType = wrapper.application; includeInIndex = 0; path = ChatPlayground.app; sourceTree = BUILT_PRODUCTS_DIR; };
		C25922C0253C82530016D293 /* AppDelegate.swift */ = {isa = PBXFileReference; lastKnownFileType = sourcecode.swift; path = AppDelegate.swift; sourceTree = "<group>"; };
		C25922C2253C82530016D293 /* SceneDelegate.swift */ = {isa = PBXFileReference; lastKnownFileType = sourcecode.swift; path = SceneDelegate.swift; sourceTree = "<group>"; };
		C25922C4253C82530016D293 /* ChatViewController.swift */ = {isa = PBXFileReference; lastKnownFileType = sourcecode.swift; path = ChatViewController.swift; sourceTree = "<group>"; };
		C25922C7253C82530016D293 /* Base */ = {isa = PBXFileReference; lastKnownFileType = file.storyboard; name = Base; path = Base.lproj/Main.storyboard; sourceTree = "<group>"; };
		C25922C9253C82560016D293 /* Assets.xcassets */ = {isa = PBXFileReference; lastKnownFileType = folder.assetcatalog; path = Assets.xcassets; sourceTree = "<group>"; };
		C25922CC253C82560016D293 /* Base */ = {isa = PBXFileReference; lastKnownFileType = file.storyboard; name = Base; path = Base.lproj/LaunchScreen.storyboard; sourceTree = "<group>"; };
		C25922CE253C82560016D293 /* Info.plist */ = {isa = PBXFileReference; lastKnownFileType = text.plist.xml; path = Info.plist; sourceTree = "<group>"; };
		C25922D3253C82560016D293 /* ChatPlaygroundTests.xctest */ = {isa = PBXFileReference; explicitFileType = wrapper.cfbundle; includeInIndex = 0; path = ChatPlaygroundTests.xctest; sourceTree = BUILT_PRODUCTS_DIR; };
		C25922D7253C82560016D293 /* ChatPlaygroundTests.swift */ = {isa = PBXFileReference; lastKnownFileType = sourcecode.swift; path = ChatPlaygroundTests.swift; sourceTree = "<group>"; };
		C25922D9253C82560016D293 /* Info.plist */ = {isa = PBXFileReference; lastKnownFileType = text.plist.xml; path = Info.plist; sourceTree = "<group>"; };
		C25922DE253C82560016D293 /* ChatPlaygroundUITests.xctest */ = {isa = PBXFileReference; explicitFileType = wrapper.cfbundle; includeInIndex = 0; path = ChatPlaygroundUITests.xctest; sourceTree = BUILT_PRODUCTS_DIR; };
		C25922E2253C82560016D293 /* ChatPlaygroundUITests.swift */ = {isa = PBXFileReference; lastKnownFileType = sourcecode.swift; path = ChatPlaygroundUITests.swift; sourceTree = "<group>"; };
		C25922E4253C82560016D293 /* Info.plist */ = {isa = PBXFileReference; lastKnownFileType = text.plist.xml; path = Info.plist; sourceTree = "<group>"; };
		C25922F3253C83010016D293 /* SampleData.swift */ = {isa = PBXFileReference; lastKnownFileType = sourcecode.swift; path = SampleData.swift; sourceTree = "<group>"; };
		C25922F8253C84910016D293 /* ChatMessageCell.swift */ = {isa = PBXFileReference; lastKnownFileType = sourcecode.swift; path = ChatMessageCell.swift; sourceTree = "<group>"; };
		C25922FD253C84DB0016D293 /* AdditionalClasses.swift */ = {isa = PBXFileReference; lastKnownFileType = sourcecode.swift; path = AdditionalClasses.swift; sourceTree = "<group>"; };
/* End PBXFileReference section */

/* Begin PBXFrameworksBuildPhase section */
		C25922BA253C82530016D293 /* Frameworks */ = {
			isa = PBXFrameworksBuildPhase;
			buildActionMask = 2147483647;
			files = (
			);
			runOnlyForDeploymentPostprocessing = 0;
		};
		C25922D0253C82560016D293 /* Frameworks */ = {
			isa = PBXFrameworksBuildPhase;
			buildActionMask = 2147483647;
			files = (
			);
			runOnlyForDeploymentPostprocessing = 0;
		};
		C25922DB253C82560016D293 /* Frameworks */ = {
			isa = PBXFrameworksBuildPhase;
			buildActionMask = 2147483647;
			files = (
			);
			runOnlyForDeploymentPostprocessing = 0;
		};
/* End PBXFrameworksBuildPhase section */

/* Begin PBXGroup section */
		C25922B4253C82530016D293 = {
			isa = PBXGroup;
			children = (
				C25922BF253C82530016D293 /* ChatPlayground */,
				C25922D6253C82560016D293 /* ChatPlaygroundTests */,
				C25922E1253C82560016D293 /* ChatPlaygroundUITests */,
				C25922BE253C82530016D293 /* Products */,
			);
			sourceTree = "<group>";
		};
		C25922BE253C82530016D293 /* Products */ = {
			isa = PBXGroup;
			children = (
				C25922BD253C82530016D293 /* ChatPlayground.app */,
				C25922D3253C82560016D293 /* ChatPlaygroundTests.xctest */,
				C25922DE253C82560016D293 /* ChatPlaygroundUITests.xctest */,
			);
			name = Products;
			sourceTree = "<group>";
		};
		C25922BF253C82530016D293 /* ChatPlayground */ = {
			isa = PBXGroup;
			children = (
				C25922C0253C82530016D293 /* AppDelegate.swift */,
				C25922C2253C82530016D293 /* SceneDelegate.swift */,
				C25922C4253C82530016D293 /* ChatViewController.swift */,
				C25922F8253C84910016D293 /* ChatMessageCell.swift */,
				C25922FD253C84DB0016D293 /* AdditionalClasses.swift */,
				C25922C6253C82530016D293 /* Main.storyboard */,
				C25922F3253C83010016D293 /* SampleData.swift */,
				C25922C9253C82560016D293 /* Assets.xcassets */,
				C25922CB253C82560016D293 /* LaunchScreen.storyboard */,
				C25922CE253C82560016D293 /* Info.plist */,
			);
			path = ChatPlayground;
			sourceTree = "<group>";
		};
		C25922D6253C82560016D293 /* ChatPlaygroundTests */ = {
			isa = PBXGroup;
			children = (
				C25922D7253C82560016D293 /* ChatPlaygroundTests.swift */,
				C25922D9253C82560016D293 /* Info.plist */,
			);
			path = ChatPlaygroundTests;
			sourceTree = "<group>";
		};
		C25922E1253C82560016D293 /* ChatPlaygroundUITests */ = {
			isa = PBXGroup;
			children = (
				C25922E2253C82560016D293 /* ChatPlaygroundUITests.swift */,
				C25922E4253C82560016D293 /* Info.plist */,
			);
			path = ChatPlaygroundUITests;
			sourceTree = "<group>";
		};
/* End PBXGroup section */

/* Begin PBXNativeTarget section */
		C25922BC253C82530016D293 /* ChatPlayground */ = {
			isa = PBXNativeTarget;
			buildConfigurationList = C25922E7253C82560016D293 /* Build configuration list for PBXNativeTarget "ChatPlayground" */;
			buildPhases = (
				C25922B9253C82530016D293 /* Sources */,
				C25922BA253C82530016D293 /* Frameworks */,
				C25922BB253C82530016D293 /* Resources */,
			);
			buildRules = (
			);
			dependencies = (
			);
			name = ChatPlayground;
			productName = ChatPlayground;
			productReference = C25922BD253C82530016D293 /* ChatPlayground.app */;
			productType = "com.apple.product-type.application";
		};
		C25922D2253C82560016D293 /* ChatPlaygroundTests */ = {
			isa = PBXNativeTarget;
			buildConfigurationList = C25922EA253C82560016D293 /* Build configuration list for PBXNativeTarget "ChatPlaygroundTests" */;
			buildPhases = (
				C25922CF253C82560016D293 /* Sources */,
				C25922D0253C82560016D293 /* Frameworks */,
				C25922D1253C82560016D293 /* Resources */,
			);
			buildRules = (
			);
			dependencies = (
				C25922D5253C82560016D293 /* PBXTargetDependency */,
			);
			name = ChatPlaygroundTests;
			productName = ChatPlaygroundTests;
			productReference = C25922D3253C82560016D293 /* ChatPlaygroundTests.xctest */;
			productType = "com.apple.product-type.bundle.unit-test";
		};
		C25922DD253C82560016D293 /* ChatPlaygroundUITests */ = {
			isa = PBXNativeTarget;
			buildConfigurationList = C25922ED253C82560016D293 /* Build configuration list for PBXNativeTarget "ChatPlaygroundUITests" */;
			buildPhases = (
				C25922DA253C82560016D293 /* Sources */,
				C25922DB253C82560016D293 /* Frameworks */,
				C25922DC253C82560016D293 /* Resources */,
			);
			buildRules = (
			);
			dependencies = (
				C25922E0253C82560016D293 /* PBXTargetDependency */,
			);
			name = ChatPlaygroundUITests;
			productName = ChatPlaygroundUITests;
			productReference = C25922DE253C82560016D293 /* ChatPlaygroundUITests.xctest */;
			productType = "com.apple.product-type.bundle.ui-testing";
		};
/* End PBXNativeTarget section */

/* Begin PBXProject section */
		C25922B5253C82530016D293 /* Project object */ = {
			isa = PBXProject;
			attributes = {
				LastSwiftUpdateCheck = 1200;
				LastUpgradeCheck = 1200;
				TargetAttributes = {
					C25922BC253C82530016D293 = {
						CreatedOnToolsVersion = 12.0.1;
					};
					C25922D2253C82560016D293 = {
						CreatedOnToolsVersion = 12.0.1;
						TestTargetID = C25922BC253C82530016D293;
					};
					C25922DD253C82560016D293 = {
						CreatedOnToolsVersion = 12.0.1;
						TestTargetID = C25922BC253C82530016D293;
					};
				};
			};
			buildConfigurationList = C25922B8253C82530016D293 /* Build configuration list for PBXProject "ChatPlayground" */;
			compatibilityVersion = "Xcode 9.3";
			developmentRegion = en;
			hasScannedForEncodings = 0;
			knownRegions = (
				en,
				Base,
			);
			mainGroup = C25922B4253C82530016D293;
			productRefGroup = C25922BE253C82530016D293 /* Products */;
			projectDirPath = "";
			projectRoot = "";
			targets = (
				C25922BC253C82530016D293 /* ChatPlayground */,
				C25922D2253C82560016D293 /* ChatPlaygroundTests */,
				C25922DD253C82560016D293 /* ChatPlaygroundUITests */,
			);
		};
/* End PBXProject section */

/* Begin PBXResourcesBuildPhase section */
		C25922BB253C82530016D293 /* Resources */ = {
			isa = PBXResourcesBuildPhase;
			buildActionMask = 2147483647;
			files = (
				C25922CD253C82560016D293 /* LaunchScreen.storyboard in Resources */,
				C25922CA253C82560016D293 /* Assets.xcassets in Resources */,
				C25922C8253C82530016D293 /* Main.storyboard in Resources */,
			);
			runOnlyForDeploymentPostprocessing = 0;
		};
		C25922D1253C82560016D293 /* Resources */ = {
			isa = PBXResourcesBuildPhase;
			buildActionMask = 2147483647;
			files = (
			);
			runOnlyForDeploymentPostprocessing = 0;
		};
		C25922DC253C82560016D293 /* Resources */ = {
			isa = PBXResourcesBuildPhase;
			buildActionMask = 2147483647;
			files = (
			);
			runOnlyForDeploymentPostprocessing = 0;
		};
/* End PBXResourcesBuildPhase section */

/* Begin PBXSourcesBuildPhase section */
		C25922B9253C82530016D293 /* Sources */ = {
			isa = PBXSourcesBuildPhase;
			buildActionMask = 2147483647;
			files = (
				C25922C5253C82530016D293 /* ChatViewController.swift in Sources */,
				C25922F9253C84910016D293 /* ChatMessageCell.swift in Sources */,
				C25922C1253C82530016D293 /* AppDelegate.swift in Sources */,
				C25922FE253C84DB0016D293 /* AdditionalClasses.swift in Sources */,
				C25922C3253C82530016D293 /* SceneDelegate.swift in Sources */,
				C25922F4253C83010016D293 /* SampleData.swift in Sources */,
			);
			runOnlyForDeploymentPostprocessing = 0;
		};
		C25922CF253C82560016D293 /* Sources */ = {
			isa = PBXSourcesBuildPhase;
			buildActionMask = 2147483647;
			files = (
				C25922D8253C82560016D293 /* ChatPlaygroundTests.swift in Sources */,
			);
			runOnlyForDeploymentPostprocessing = 0;
		};
		C25922DA253C82560016D293 /* Sources */ = {
			isa = PBXSourcesBuildPhase;
			buildActionMask = 2147483647;
			files = (
				C25922E3253C82560016D293 /* ChatPlaygroundUITests.swift in Sources */,
			);
			runOnlyForDeploymentPostprocessing = 0;
		};
/* End PBXSourcesBuildPhase section */

/* Begin PBXTargetDependency section */
		C25922D5253C82560016D293 /* PBXTargetDependency */ = {
			isa = PBXTargetDependency;
			target = C25922BC253C82530016D293 /* ChatPlayground */;
			targetProxy = C25922D4253C82560016D293 /* PBXContainerItemProxy */;
		};
		C25922E0253C82560016D293 /* PBXTargetDependency */ = {
			isa = PBXTargetDependency;
			target = C25922BC253C82530016D293 /* ChatPlayground */;
			targetProxy = C25922DF253C82560016D293 /* PBXContainerItemProxy */;
		};
/* End PBXTargetDependency section */

/* Begin PBXVariantGroup section */
		C25922C6253C82530016D293 /* Main.storyboard */ = {
			isa = PBXVariantGroup;
			children = (
				C25922C7253C82530016D293 /* Base */,
			);
			name = Main.storyboard;
			sourceTree = "<group>";
		};
		C25922CB253C82560016D293 /* LaunchScreen.storyboard */ = {
			isa = PBXVariantGroup;
			children = (
				C25922CC253C82560016D293 /* Base */,
			);
			name = LaunchScreen.storyboard;
			sourceTree = "<group>";
		};
/* End PBXVariantGroup section */

/* Begin XCBuildConfiguration section */
		C25922E5253C82560016D293 /* Debug */ = {
			isa = XCBuildConfiguration;
			buildSettings = {
				ALWAYS_SEARCH_USER_PATHS = NO;
				CLANG_ANALYZER_NONNULL = YES;
				CLANG_ANALYZER_NUMBER_OBJECT_CONVERSION = YES_AGGRESSIVE;
				CLANG_CXX_LANGUAGE_STANDARD = "gnu++14";
				CLANG_CXX_LIBRARY = "libc++";
				CLANG_ENABLE_MODULES = YES;
				CLANG_ENABLE_OBJC_ARC = YES;
				CLANG_ENABLE_OBJC_WEAK = YES;
				CLANG_WARN_BLOCK_CAPTURE_AUTORELEASING = YES;
				CLANG_WARN_BOOL_CONVERSION = YES;
				CLANG_WARN_COMMA = YES;
				CLANG_WARN_CONSTANT_CONVERSION = YES;
				CLANG_WARN_DEPRECATED_OBJC_IMPLEMENTATIONS = YES;
				CLANG_WARN_DIRECT_OBJC_ISA_USAGE = YES_ERROR;
				CLANG_WARN_DOCUMENTATION_COMMENTS = YES;
				CLANG_WARN_EMPTY_BODY = YES;
				CLANG_WARN_ENUM_CONVERSION = YES;
				CLANG_WARN_INFINITE_RECURSION = YES;
				CLANG_WARN_INT_CONVERSION = YES;
				CLANG_WARN_NON_LITERAL_NULL_CONVERSION = YES;
				CLANG_WARN_OBJC_IMPLICIT_RETAIN_SELF = YES;
				CLANG_WARN_OBJC_LITERAL_CONVERSION = YES;
				CLANG_WARN_OBJC_ROOT_CLASS = YES_ERROR;
				CLANG_WARN_QUOTED_INCLUDE_IN_FRAMEWORK_HEADER = YES;
				CLANG_WARN_RANGE_LOOP_ANALYSIS = YES;
				CLANG_WARN_STRICT_PROTOTYPES = YES;
				CLANG_WARN_SUSPICIOUS_MOVE = YES;
				CLANG_WARN_UNGUARDED_AVAILABILITY = YES_AGGRESSIVE;
				CLANG_WARN_UNREACHABLE_CODE = YES;
				CLANG_WARN__DUPLICATE_METHOD_MATCH = YES;
				COPY_PHASE_STRIP = NO;
				DEBUG_INFORMATION_FORMAT = dwarf;
				ENABLE_STRICT_OBJC_MSGSEND = YES;
				ENABLE_TESTABILITY = YES;
				GCC_C_LANGUAGE_STANDARD = gnu11;
				GCC_DYNAMIC_NO_PIC = NO;
				GCC_NO_COMMON_BLOCKS = YES;
				GCC_OPTIMIZATION_LEVEL = 0;
				GCC_PREPROCESSOR_DEFINITIONS = (
					"DEBUG=1",
					"$(inherited)",
				);
				GCC_WARN_64_TO_32_BIT_CONVERSION = YES;
				GCC_WARN_ABOUT_RETURN_TYPE = YES_ERROR;
				GCC_WARN_UNDECLARED_SELECTOR = YES;
				GCC_WARN_UNINITIALIZED_AUTOS = YES_AGGRESSIVE;
				GCC_WARN_UNUSED_FUNCTION = YES;
				GCC_WARN_UNUSED_VARIABLE = YES;
				IPHONEOS_DEPLOYMENT_TARGET = 14.0;
				MTL_ENABLE_DEBUG_INFO = INCLUDE_SOURCE;
				MTL_FAST_MATH = YES;
				ONLY_ACTIVE_ARCH = YES;
				SDKROOT = iphoneos;
				SWIFT_ACTIVE_COMPILATION_CONDITIONS = DEBUG;
				SWIFT_OPTIMIZATION_LEVEL = "-Onone";
			};
			name = Debug;
		};
		C25922E6253C82560016D293 /* Release */ = {
			isa = XCBuildConfiguration;
			buildSettings = {
				ALWAYS_SEARCH_USER_PATHS = NO;
				CLANG_ANALYZER_NONNULL = YES;
				CLANG_ANALYZER_NUMBER_OBJECT_CONVERSION = YES_AGGRESSIVE;
				CLANG_CXX_LANGUAGE_STANDARD = "gnu++14";
				CLANG_CXX_LIBRARY = "libc++";
				CLANG_ENABLE_MODULES = YES;
				CLANG_ENABLE_OBJC_ARC = YES;
				CLANG_ENABLE_OBJC_WEAK = YES;
				CLANG_WARN_BLOCK_CAPTURE_AUTORELEASING = YES;
				CLANG_WARN_BOOL_CONVERSION = YES;
				CLANG_WARN_COMMA = YES;
				CLANG_WARN_CONSTANT_CONVERSION = YES;
				CLANG_WARN_DEPRECATED_OBJC_IMPLEMENTATIONS = YES;
				CLANG_WARN_DIRECT_OBJC_ISA_USAGE = YES_ERROR;
				CLANG_WARN_DOCUMENTATION_COMMENTS = YES;
				CLANG_WARN_EMPTY_BODY = YES;
				CLANG_WARN_ENUM_CONVERSION = YES;
				CLANG_WARN_INFINITE_RECURSION = YES;
				CLANG_WARN_INT_CONVERSION = YES;
				CLANG_WARN_NON_LITERAL_NULL_CONVERSION = YES;
				CLANG_WARN_OBJC_IMPLICIT_RETAIN_SELF = YES;
				CLANG_WARN_OBJC_LITERAL_CONVERSION = YES;
				CLANG_WARN_OBJC_ROOT_CLASS = YES_ERROR;
				CLANG_WARN_QUOTED_INCLUDE_IN_FRAMEWORK_HEADER = YES;
				CLANG_WARN_RANGE_LOOP_ANALYSIS = YES;
				CLANG_WARN_STRICT_PROTOTYPES = YES;
				CLANG_WARN_SUSPICIOUS_MOVE = YES;
				CLANG_WARN_UNGUARDED_AVAILABILITY = YES_AGGRESSIVE;
				CLANG_WARN_UNREACHABLE_CODE = YES;
				CLANG_WARN__DUPLICATE_METHOD_MATCH = YES;
				COPY_PHASE_STRIP = NO;
				DEBUG_INFORMATION_FORMAT = "dwarf-with-dsym";
				ENABLE_NS_ASSERTIONS = NO;
				ENABLE_STRICT_OBJC_MSGSEND = YES;
				GCC_C_LANGUAGE_STANDARD = gnu11;
				GCC_NO_COMMON_BLOCKS = YES;
				GCC_WARN_64_TO_32_BIT_CONVERSION = YES;
				GCC_WARN_ABOUT_RETURN_TYPE = YES_ERROR;
				GCC_WARN_UNDECLARED_SELECTOR = YES;
				GCC_WARN_UNINITIALIZED_AUTOS = YES_AGGRESSIVE;
				GCC_WARN_UNUSED_FUNCTION = YES;
				GCC_WARN_UNUSED_VARIABLE = YES;
				IPHONEOS_DEPLOYMENT_TARGET = 14.0;
				MTL_ENABLE_DEBUG_INFO = NO;
				MTL_FAST_MATH = YES;
				SDKROOT = iphoneos;
				SWIFT_COMPILATION_MODE = wholemodule;
				SWIFT_OPTIMIZATION_LEVEL = "-O";
				VALIDATE_PRODUCT = YES;
			};
			name = Release;
		};
		C25922E8253C82560016D293 /* Debug */ = {
			isa = XCBuildConfiguration;
			buildSettings = {
				ASSETCATALOG_COMPILER_APPICON_NAME = AppIcon;
				ASSETCATALOG_COMPILER_GLOBAL_ACCENT_COLOR_NAME = AccentColor;
				CODE_SIGN_STYLE = Automatic;
				DEVELOPMENT_TEAM = P6F47EGAG8;
				INFOPLIST_FILE = ChatPlayground/Info.plist;
				LD_RUNPATH_SEARCH_PATHS = (
					"$(inherited)",
					"@executable_path/Frameworks",
				);
				PRODUCT_BUNDLE_IDENTIFIER = com.cambium.chatPlayground.ChatPlayground;
				PRODUCT_NAME = "$(TARGET_NAME)";
				SWIFT_VERSION = 5.0;
				TARGETED_DEVICE_FAMILY = "1,2";
			};
			name = Debug;
		};
		C25922E9253C82560016D293 /* Release */ = {
			isa = XCBuildConfiguration;
			buildSettings = {
				ASSETCATALOG_COMPILER_APPICON_NAME = AppIcon;
				ASSETCATALOG_COMPILER_GLOBAL_ACCENT_COLOR_NAME = AccentColor;
				CODE_SIGN_STYLE = Automatic;
				DEVELOPMENT_TEAM = P6F47EGAG8;
				INFOPLIST_FILE = ChatPlayground/Info.plist;
				LD_RUNPATH_SEARCH_PATHS = (
					"$(inherited)",
					"@executable_path/Frameworks",
				);
				PRODUCT_BUNDLE_IDENTIFIER = com.cambium.chatPlayground.ChatPlayground;
				PRODUCT_NAME = "$(TARGET_NAME)";
				SWIFT_VERSION = 5.0;
				TARGETED_DEVICE_FAMILY = "1,2";
			};
			name = Release;
		};
		C25922EB253C82560016D293 /* Debug */ = {
			isa = XCBuildConfiguration;
			buildSettings = {
				ALWAYS_EMBED_SWIFT_STANDARD_LIBRARIES = YES;
				BUNDLE_LOADER = "$(TEST_HOST)";
				CODE_SIGN_STYLE = Automatic;
				DEVELOPMENT_TEAM = P6F47EGAG8;
				INFOPLIST_FILE = ChatPlaygroundTests/Info.plist;
				IPHONEOS_DEPLOYMENT_TARGET = 14.0;
				LD_RUNPATH_SEARCH_PATHS = (
					"$(inherited)",
					"@executable_path/Frameworks",
					"@loader_path/Frameworks",
				);
				PRODUCT_BUNDLE_IDENTIFIER = com.cambium.chatPlayground.ChatPlaygroundTests;
				PRODUCT_NAME = "$(TARGET_NAME)";
				SWIFT_VERSION = 5.0;
				TARGETED_DEVICE_FAMILY = "1,2";
				TEST_HOST = "$(BUILT_PRODUCTS_DIR)/ChatPlayground.app/ChatPlayground";
			};
			name = Debug;
		};
		C25922EC253C82560016D293 /* Release */ = {
			isa = XCBuildConfiguration;
			buildSettings = {
				ALWAYS_EMBED_SWIFT_STANDARD_LIBRARIES = YES;
				BUNDLE_LOADER = "$(TEST_HOST)";
				CODE_SIGN_STYLE = Automatic;
				DEVELOPMENT_TEAM = P6F47EGAG8;
				INFOPLIST_FILE = ChatPlaygroundTests/Info.plist;
				IPHONEOS_DEPLOYMENT_TARGET = 14.0;
				LD_RUNPATH_SEARCH_PATHS = (
					"$(inherited)",
					"@executable_path/Frameworks",
					"@loader_path/Frameworks",
				);
				PRODUCT_BUNDLE_IDENTIFIER = com.cambium.chatPlayground.ChatPlaygroundTests;
				PRODUCT_NAME = "$(TARGET_NAME)";
				SWIFT_VERSION = 5.0;
				TARGETED_DEVICE_FAMILY = "1,2";
				TEST_HOST = "$(BUILT_PRODUCTS_DIR)/ChatPlayground.app/ChatPlayground";
			};
			name = Release;
		};
		C25922EE253C82560016D293 /* Debug */ = {
			isa = XCBuildConfiguration;
			buildSettings = {
				ALWAYS_EMBED_SWIFT_STANDARD_LIBRARIES = YES;
				CODE_SIGN_STYLE = Automatic;
				DEVELOPMENT_TEAM = P6F47EGAG8;
				INFOPLIST_FILE = ChatPlaygroundUITests/Info.plist;
				LD_RUNPATH_SEARCH_PATHS = (
					"$(inherited)",
					"@executable_path/Frameworks",
					"@loader_path/Frameworks",
				);
				PRODUCT_BUNDLE_IDENTIFIER = com.cambium.chatPlayground.ChatPlaygroundUITests;
				PRODUCT_NAME = "$(TARGET_NAME)";
				SWIFT_VERSION = 5.0;
				TARGETED_DEVICE_FAMILY = "1,2";
				TEST_TARGET_NAME = ChatPlayground;
			};
			name = Debug;
		};
		C25922EF253C82560016D293 /* Release */ = {
			isa = XCBuildConfiguration;
			buildSettings = {
				ALWAYS_EMBED_SWIFT_STANDARD_LIBRARIES = YES;
				CODE_SIGN_STYLE = Automatic;
				DEVELOPMENT_TEAM = P6F47EGAG8;
				INFOPLIST_FILE = ChatPlaygroundUITests/Info.plist;
				LD_RUNPATH_SEARCH_PATHS = (
					"$(inherited)",
					"@executable_path/Frameworks",
					"@loader_path/Frameworks",
				);
				PRODUCT_BUNDLE_IDENTIFIER = com.cambium.chatPlayground.ChatPlaygroundUITests;
				PRODUCT_NAME = "$(TARGET_NAME)";
				SWIFT_VERSION = 5.0;
				TARGETED_DEVICE_FAMILY = "1,2";
				TEST_TARGET_NAME = ChatPlayground;
			};
			name = Release;
		};
/* End XCBuildConfiguration section */

/* Begin XCConfigurationList section */
		C25922B8253C82530016D293 /* Build configuration list for PBXProject "ChatPlayground" */ = {
			isa = XCConfigurationList;
			buildConfigurations = (
				C25922E5253C82560016D293 /* Debug */,
				C25922E6253C82560016D293 /* Release */,
			);
			defaultConfigurationIsVisible = 0;
			defaultConfigurationName = Release;
		};
		C25922E7253C82560016D293 /* Build configuration list for PBXNativeTarget "ChatPlayground" */ = {
			isa = XCConfigurationList;
			buildConfigurations = (
				C25922E8253C82560016D293 /* Debug */,
				C25922E9253C82560016D293 /* Release */,
			);
			defaultConfigurationIsVisible = 0;
			defaultConfigurationName = Release;
		};
		C25922EA253C82560016D293 /* Build configuration list for PBXNativeTarget "ChatPlaygroundTests" */ = {
			isa = XCConfigurationList;
			buildConfigurations = (
				C25922EB253C82560016D293 /* Debug */,
				C25922EC253C82560016D293 /* Release */,
			);
			defaultConfigurationIsVisible = 0;
			defaultConfigurationName = Release;
		};
		C25922ED253C82560016D293 /* Build configuration list for PBXNativeTarget "ChatPlaygroundUITests" */ = {
			isa = XCConfigurationList;
			buildConfigurations = (
				C25922EE253C82560016D293 /* Debug */,
				C25922EF253C82560016D293 /* Release */,
			);
			defaultConfigurationIsVisible = 0;
			defaultConfigurationName = Release;
		};
/* End XCConfigurationList section */
	};
	rootObject = C25922B5253C82530016D293 /* Project object */;
}
